
Microsoft Visual Studio Solution File, Format Version 12.00
# Visual Studio 15
VisualStudioVersion = 15.0.27428.2027
MinimumVisualStudioVersion = 10.0.40219.1
Project("{9A19103F-16F7-4668-BE54-9A1E7A4F7556}") = "deepth", "ConsoleApp\deepth.csproj", "{7FAEB8D0-7602-46D8-9EFC-FF1AFFAF29C2}"
EndProject
Project("{9A19103F-16F7-4668-BE54-9A1E7A4F7556}") = "Korzh.NLP.Core", "Korzh.NLP.Core\Korzh.NLP.Core.csproj", "{E9AB488E-5FCB-49FE-962B-558F25588883}"
EndProject
Project("{9A19103F-16F7-4668-BE54-9A1E7A4F7556}") = "Korzh.NLP.DocIndex", "Korzh.NLP.DocIndex\Korzh.NLP.DocIndex.csproj", "{0CF34428-2A3A-4D04-90FA-DFBA6FFDBC26}"
EndProject
Global
	GlobalSection(SolutionConfigurationPlatforms) = preSolution
		Debug|Any CPU = Debug|Any CPU
		Release|Any CPU = Release|Any CPU
	EndGlobalSection
	GlobalSection(ProjectConfigurationPlatforms) = postSolution
		{7FAEB8D0-7602-46D8-9EFC-FF1AFFAF29C2}.Debug|Any CPU.ActiveCfg = Debug|Any CPU
		{7FAEB8D0-7602-46D8-9EFC-FF1AFFAF29C2}.Debug|Any CPU.Build.0 = Debug|Any CPU
		{7FAEB8D0-7602-46D8-9EFC-FF1AFFAF29C2}.Release|Any CPU.ActiveCfg = Release|Any CPU
		{7FAEB8D0-7602-46D8-9EFC-FF1AFFAF29C2}.Release|Any CPU.Build.0 = Release|Any CPU
		{E9AB488E-5FCB-49FE-962B-558F25588883}.Debug|Any CPU.ActiveCfg = Debug|Any CPU
		{E9AB488E-5FCB-49FE-962B-558F25588883}.Debug|Any CPU.Build.0 = Debug|Any CPU
		{E9AB488E-5FCB-49FE-962B-558F25588883}.Release|Any CPU.ActiveCfg = Release|Any CPU
		{E9AB488E-5FCB-49FE-962B-558F25588883}.Release|Any CPU.Build.0 = Release|Any CPU
		{0CF34428-2A3A-4D04-90FA-DFBA6FFDBC26}.Debug|Any CPU.ActiveCfg = Debug|Any CPU
		{0CF34428-2A3A-4D04-90FA-DFBA6FFDBC26}.Debug|Any CPU.Build.0 = Debug|Any CPU
		{0CF34428-2A3A-4D04-90FA-DFBA6FFDBC26}.Release|Any CPU.ActiveCfg = Release|Any CPU
		{0CF34428-2A3A-4D04-90FA-DFBA6FFDBC26}.Release|Any CPU.Build.0 = Release|Any CPU
	EndGlobalSection
	GlobalSection(SolutionProperties) = preSolution
		HideSolutionNode = FALSE
	EndGlobalSection
	GlobalSection(ExtensibilityGlobals) = postSolution
		SolutionGuid = {A8CFB312-7C5D-4C1D-9B9E-67BEE6CE1851}
	EndGlobalSection
EndGlobal
